
Microsoft Visual Studio Solution File, Format Version 12.00
# Visual Studio Version 17
VisualStudioVersion = 17.8.34511.84
MinimumVisualStudioVersion = 10.0.40219.1
Project("{9A19103F-16F7-4668-BE54-9A1E7A4F7556}") = "LuaEngine", "LuaEngine\LuaEngine.csproj", "{229F8CE3-01D9-4EEF-85E7-878F4ED632EF}"
EndProject
Project("{9A19103F-16F7-4668-BE54-9A1E7A4F7556}") = "MapStation.Common", "libs\MapStation\MapStation.Common\MapStation.Common.csproj", "{F139E42D-FDA3-40CC-BE05-9A097897255B}"
EndProject
Project("{FAE04EC0-301F-11D3-BF4B-00C04F79EFBC}") = "LuaEngine.Runtime", "LuaEngine.Editor\LuaEngine.Runtime.csproj", "{E7113375-B293-FE46-6D4F-65020F8E0177}"
EndProject
Project("{FAE04EC0-301F-11D3-BF4B-00C04F79EFBC}") = "LuaEngine.Editor", "LuaEngine.Editor\LuaEngine.Editor.csproj", "{0F13B5A5-0F29-14D0-99FD-DDCC29597DB9}"
EndProject
Global
	GlobalSection(SolutionConfigurationPlatforms) = preSolution
		Debug|Any CPU = Debug|Any CPU
		Release|Any CPU = Release|Any CPU
	EndGlobalSection
	GlobalSection(ProjectConfigurationPlatforms) = postSolution
		{229F8CE3-01D9-4EEF-85E7-878F4ED632EF}.Debug|Any CPU.ActiveCfg = Debug|Any CPU
		{229F8CE3-01D9-4EEF-85E7-878F4ED632EF}.Debug|Any CPU.Build.0 = Debug|Any CPU
		{229F8CE3-01D9-4EEF-85E7-878F4ED632EF}.Release|Any CPU.ActiveCfg = Release|Any CPU
		{229F8CE3-01D9-4EEF-85E7-878F4ED632EF}.Release|Any CPU.Build.0 = Release|Any CPU
		{F139E42D-FDA3-40CC-BE05-9A097897255B}.Debug|Any CPU.ActiveCfg = Debug|Any CPU
		{F139E42D-FDA3-40CC-BE05-9A097897255B}.Debug|Any CPU.Build.0 = Debug|Any CPU
		{F139E42D-FDA3-40CC-BE05-9A097897255B}.Release|Any CPU.ActiveCfg = Release|Any CPU
		{F139E42D-FDA3-40CC-BE05-9A097897255B}.Release|Any CPU.Build.0 = Release|Any CPU
		{E7113375-B293-FE46-6D4F-65020F8E0177}.Debug|Any CPU.ActiveCfg = Debug|Any CPU
		{E7113375-B293-FE46-6D4F-65020F8E0177}.Debug|Any CPU.Build.0 = Debug|Any CPU
		{E7113375-B293-FE46-6D4F-65020F8E0177}.Release|Any CPU.ActiveCfg = Release|Any CPU
		{E7113375-B293-FE46-6D4F-65020F8E0177}.Release|Any CPU.Build.0 = Release|Any CPU
		{0F13B5A5-0F29-14D0-99FD-DDCC29597DB9}.Debug|Any CPU.ActiveCfg = Debug|Any CPU
		{0F13B5A5-0F29-14D0-99FD-DDCC29597DB9}.Debug|Any CPU.Build.0 = Debug|Any CPU
		{0F13B5A5-0F29-14D0-99FD-DDCC29597DB9}.Release|Any CPU.ActiveCfg = Release|Any CPU
		{0F13B5A5-0F29-14D0-99FD-DDCC29597DB9}.Release|Any CPU.Build.0 = Release|Any CPU
	EndGlobalSection
	GlobalSection(SolutionProperties) = preSolution
		HideSolutionNode = FALSE
	EndGlobalSection
	GlobalSection(ExtensibilityGlobals) = postSolution
		SolutionGuid = {2DA78C1D-321F-42A4-9B4D-E8057E2F220C}
	EndGlobalSection
EndGlobal
