
Microsoft Visual Studio Solution File, Format Version 12.00
# Visual Studio Version 17
VisualStudioVersion = 17.8.34511.84
MinimumVisualStudioVersion = 10.0.40219.1
Project("{9A19103F-16F7-4668-BE54-9A1E7A4F7556}") = "LuaEngine", "LuaEngine.csproj", "{229F8CE3-01D9-4EEF-85E7-878F4ED632EF}"
EndProject
Global
	GlobalSection(SolutionConfigurationPlatforms) = preSolution
		Debug|Any CPU = Debug|Any CPU
		Release|Any CPU = Release|Any CPU
	EndGlobalSection
	GlobalSection(ProjectConfigurationPlatforms) = postSolution
		{229F8CE3-01D9-4EEF-85E7-878F4ED632EF}.Debug|Any CPU.ActiveCfg = Debug|Any CPU
		{229F8CE3-01D9-4EEF-85E7-878F4ED632EF}.Debug|Any CPU.Build.0 = Debug|Any CPU
		{229F8CE3-01D9-4EEF-85E7-878F4ED632EF}.Release|Any CPU.ActiveCfg = Release|Any CPU
		{229F8CE3-01D9-4EEF-85E7-878F4ED632EF}.Release|Any CPU.Build.0 = Release|Any CPU
	EndGlobalSection
	GlobalSection(SolutionProperties) = preSolution
		HideSolutionNode = FALSE
	EndGlobalSection
	GlobalSection(ExtensibilityGlobals) = postSolution
		SolutionGuid = {2DA78C1D-321F-42A4-9B4D-E8057E2F220C}
	EndGlobalSection
EndGlobal
